Microsoft Visual Studio Solution File, Format Version 12.00
# Visual Studio Version 17
VisualStudioVersion = 17.5.2.0
MinimumVisualStudioVersion = 10.0.40219.1
Project("{FAE04EC0-301F-11D3-BF4B-00C04F79EFBC}") = "Akka.Net.Examples.Robotics.Console", "Akka.Net.Examples.Robotics.Console.csproj", "{707AE5F4-56D9-8F08-DE61-5C8CD70F8CCA}"
EndProject
Global
	GlobalSection(SolutionConfigurationPlatforms) = preSolution
		Debug|Any CPU = Debug|Any CPU
		Release|Any CPU = Release|Any CPU
	EndGlobalSection
	GlobalSection(ProjectConfigurationPlatforms) = postSolution
		{707AE5F4-56D9-8F08-DE61-5C8CD70F8CCA}.Debug|Any CPU.ActiveCfg = Debug|Any CPU
		{707AE5F4-56D9-8F08-DE61-5C8CD70F8CCA}.Debug|Any CPU.Build.0 = Debug|Any CPU
		{707AE5F4-56D9-8F08-DE61-5C8CD70F8CCA}.Release|Any CPU.ActiveCfg = Release|Any CPU
		{707AE5F4-56D9-8F08-DE61-5C8CD70F8CCA}.Release|Any CPU.Build.0 = Release|Any CPU
	EndGlobalSection
	GlobalSection(SolutionProperties) = preSolution
		HideSolutionNode = FALSE
	EndGlobalSection
	GlobalSection(ExtensibilityGlobals) = postSolution
		SolutionGuid = {8E78FA99-6885-4565-8411-F5810C45BA1B}
	EndGlobalSection
EndGlobal
